// !$*UTF8*$!
{
	archiveVersion = 1;
	classes = {
	};
	objectVersion = 48;
	objects = {

/* Begin PBXBuildFile section */
		9C76AF0E4936BD614A92DC87 /* Pods_Smack.framework in Frameworks */ = {isa = PBXBuildFile; fileRef = A521EF234E99507653F96551 /* Pods_Smack.framework */; };
		FC46179A1FD6F86B00D3534D /* AppDelegate.swift in Sources */ = {isa = PBXBuildFile; fileRef = FC4617991FD6F86B00D3534D /* AppDelegate.swift */; };
		FC46179F1FD6F86B00D3534D /* Main.storyboard in Resources */ = {isa = PBXBuildFile; fileRef = FC46179D1FD6F86B00D3534D /* Main.storyboard */; };
		FC4617A11FD6F86B00D3534D /* Assets.xcassets in Resources */ = {isa = PBXBuildFile; fileRef = FC4617A01FD6F86B00D3534D /* Assets.xcassets */; };
		FC4617A41FD6F86B00D3534D /* LaunchScreen.storyboard in Resources */ = {isa = PBXBuildFile; fileRef = FC4617A21FD6F86B00D3534D /* LaunchScreen.storyboard */; };
		FC4617B01FD7043100D3534D /* SWRevealViewController.m in Sources */ = {isa = PBXBuildFile; fileRef = FC4617AE1FD7043100D3534D /* SWRevealViewController.m */; };
		FC4617B51FD72E3700D3534D /* ChatVC.swift in Sources */ = {isa = PBXBuildFile; fileRef = FC4617B41FD72E3700D3534D /* ChatVC.swift */; };
		FC4617B71FD72E4B00D3534D /* ChannelVC.swift in Sources */ = {isa = PBXBuildFile; fileRef = FC4617B61FD72E4B00D3534D /* ChannelVC.swift */; };
		FC4617B91FD734F600D3534D /* GradientView.swift in Sources */ = {isa = PBXBuildFile; fileRef = FC4617B81FD734F600D3534D /* GradientView.swift */; };
		FC4617BC1FD7845900D3534D /* Constants.swift in Sources */ = {isa = PBXBuildFile; fileRef = FC4617BB1FD7845900D3534D /* Constants.swift */; };
		FC4617BE1FD78DA400D3534D /* LoginVC.swift in Sources */ = {isa = PBXBuildFile; fileRef = FC4617BD1FD78DA400D3534D /* LoginVC.swift */; };
		FC4617C01FD7910800D3534D /* CreateAccountVC.swift in Sources */ = {isa = PBXBuildFile; fileRef = FC4617BF1FD7910800D3534D /* CreateAccountVC.swift */; };
		FC56DAAC1FDA113800C2C7DF /* AvatarPickerVC.swift in Sources */ = {isa = PBXBuildFile; fileRef = FC56DAAB1FDA113800C2C7DF /* AvatarPickerVC.swift */; };
		FC75EF411FD87AF9001900A8 /* AuthService.swift in Sources */ = {isa = PBXBuildFile; fileRef = FC75EF401FD87AF9001900A8 /* AuthService.swift */; };
		FC75EF431FD88AA0001900A8 /* RoundedButton.swift in Sources */ = {isa = PBXBuildFile; fileRef = FC75EF421FD88AA0001900A8 /* RoundedButton.swift */; };
		FC75EF451FD9A5AC001900A8 /* UserDataService.swift in Sources */ = {isa = PBXBuildFile; fileRef = FC75EF441FD9A5AC001900A8 /* UserDataService.swift */; };
		FC911BB11FDA148600D839B7 /* AvatarCell.swift in Sources */ = {isa = PBXBuildFile; fileRef = FC911BB01FDA148600D839B7 /* AvatarCell.swift */; };
		FC911BB31FDA391200D839B7 /* CircleImage.swift in Sources */ = {isa = PBXBuildFile; fileRef = FC911BB21FDA391200D839B7 /* CircleImage.swift */; };
		FC911BBA1FDA555E00D839B7 /* ProfileVC.swift in Sources */ = {isa = PBXBuildFile; fileRef = FC911BB81FDA555E00D839B7 /* ProfileVC.swift */; };
		FC911BBB1FDA555E00D839B7 /* ProfileVC.xib in Resources */ = {isa = PBXBuildFile; fileRef = FC911BB91FDA555E00D839B7 /* ProfileVC.xib */; };
/* End PBXBuildFile section */

/* Begin PBXFileReference section */
		039AC7016CC7DD2B26B19D43 /* Pods-Smack.debug.xcconfig */ = {isa = PBXFileReference; includeInIndex = 1; lastKnownFileType = text.xcconfig; name = "Pods-Smack.debug.xcconfig"; path = "Pods/Target Support Files/Pods-Smack/Pods-Smack.debug.xcconfig"; sourceTree = "<group>"; };
		732828756F5224CCE9F8391D /* Pods-Smack.release.xcconfig */ = {isa = PBXFileReference; includeInIndex = 1; lastKnownFileType = text.xcconfig; name = "Pods-Smack.release.xcconfig"; path = "Pods/Target Support Files/Pods-Smack/Pods-Smack.release.xcconfig"; sourceTree = "<group>"; };
		A521EF234E99507653F96551 /* Pods_Smack.framework */ = {isa = PBXFileReference; explicitFileType = wrapper.framework; includeInIndex = 0; path = Pods_Smack.framework; sourceTree = BUILT_PRODUCTS_DIR; };
		FC4617961FD6F86B00D3534D /* Smack.app */ = {isa = PBXFileReference; explicitFileType = wrapper.application; includeInIndex = 0; path = Smack.app; sourceTree = BUILT_PRODUCTS_DIR; };
		FC4617991FD6F86B00D3534D /* AppDelegate.swift */ = {isa = PBXFileReference; lastKnownFileType = sourcecode.swift; path = AppDelegate.swift; sourceTree = "<group>"; };
		FC46179E1FD6F86B00D3534D /* Base */ = {isa = PBXFileReference; lastKnownFileType = file.storyboard; name = Base; path = Base.lproj/Main.storyboard; sourceTree = "<group>"; };
		FC4617A01FD6F86B00D3534D /* Assets.xcassets */ = {isa = PBXFileReference; lastKnownFileType = folder.assetcatalog; path = Assets.xcassets; sourceTree = "<group>"; };
		FC4617A31FD6F86B00D3534D /* Base */ = {isa = PBXFileReference; lastKnownFileType = file.storyboard; name = Base; path = Base.lproj/LaunchScreen.storyboard; sourceTree = "<group>"; };
		FC4617A51FD6F86B00D3534D /* Info.plist */ = {isa = PBXFileReference; lastKnownFileType = text.plist.xml; path = Info.plist; sourceTree = "<group>"; };
		FC4617AD1FD7043000D3534D /* Smack-Bridging-Header.h */ = {isa = PBXFileReference; lastKnownFileType = sourcecode.c.h; path = "Smack-Bridging-Header.h"; sourceTree = "<group>"; };
		FC4617AE1FD7043100D3534D /* SWRevealViewController.m */ = {isa = PBXFileReference; fileEncoding = 4; lastKnownFileType = sourcecode.c.objc; path = SWRevealViewController.m; sourceTree = "<group>"; };
		FC4617AF1FD7043100D3534D /* SWRevealViewController.h */ = {isa = PBXFileReference; fileEncoding = 4; lastKnownFileType = sourcecode.c.h; path = SWRevealViewController.h; sourceTree = "<group>"; };
		FC4617B41FD72E3700D3534D /* ChatVC.swift */ = {isa = PBXFileReference; lastKnownFileType = sourcecode.swift; path = ChatVC.swift; sourceTree = "<group>"; };
		FC4617B61FD72E4B00D3534D /* ChannelVC.swift */ = {isa = PBXFileReference; lastKnownFileType = sourcecode.swift; path = ChannelVC.swift; sourceTree = "<group>"; };
		FC4617B81FD734F600D3534D /* GradientView.swift */ = {isa = PBXFileReference; lastKnownFileType = sourcecode.swift; path = GradientView.swift; sourceTree = "<group>"; };
		FC4617BB1FD7845900D3534D /* Constants.swift */ = {isa = PBXFileReference; lastKnownFileType = sourcecode.swift; path = Constants.swift; sourceTree = "<group>"; };
		FC4617BD1FD78DA400D3534D /* LoginVC.swift */ = {isa = PBXFileReference; lastKnownFileType = sourcecode.swift; path = LoginVC.swift; sourceTree = "<group>"; };
		FC4617BF1FD7910800D3534D /* CreateAccountVC.swift */ = {isa = PBXFileReference; lastKnownFileType = sourcecode.swift; path = CreateAccountVC.swift; sourceTree = "<group>"; };
		FC56DAAB1FDA113800C2C7DF /* AvatarPickerVC.swift */ = {isa = PBXFileReference; lastKnownFileType = sourcecode.swift; path = AvatarPickerVC.swift; sourceTree = "<group>"; };
		FC75EF401FD87AF9001900A8 /* AuthService.swift */ = {isa = PBXFileReference; lastKnownFileType = sourcecode.swift; path = AuthService.swift; sourceTree = "<group>"; };
		FC75EF421FD88AA0001900A8 /* RoundedButton.swift */ = {isa = PBXFileReference; lastKnownFileType = sourcecode.swift; path = RoundedButton.swift; sourceTree = "<group>"; };
		FC75EF441FD9A5AC001900A8 /* UserDataService.swift */ = {isa = PBXFileReference; lastKnownFileType = sourcecode.swift; path = UserDataService.swift; sourceTree = "<group>"; };
		FC911BB01FDA148600D839B7 /* AvatarCell.swift */ = {isa = PBXFileReference; lastKnownFileType = sourcecode.swift; path = AvatarCell.swift; sourceTree = "<group>"; };
		FC911BB21FDA391200D839B7 /* CircleImage.swift */ = {isa = PBXFileReference; lastKnownFileType = sourcecode.swift; path = CircleImage.swift; sourceTree = "<group>"; };
		FC911BB81FDA555E00D839B7 /* ProfileVC.swift */ = {isa = PBXFileReference; lastKnownFileType = sourcecode.swift; path = ProfileVC.swift; sourceTree = "<group>"; };
		FC911BB91FDA555E00D839B7 /* ProfileVC.xib */ = {isa = PBXFileReference; lastKnownFileType = file.xib; path = ProfileVC.xib; sourceTree = "<group>"; };
/* End PBXFileReference section */

/* Begin PBXFrameworksBuildPhase section */
		FC4617931FD6F86B00D3534D /* Frameworks */ = {
			isa = PBXFrameworksBuildPhase;
			buildActionMask = 2147483647;
			files = (
				9C76AF0E4936BD614A92DC87 /* Pods_Smack.framework in Frameworks */,
			);
			runOnlyForDeploymentPostprocessing = 0;
		};
/* End PBXFrameworksBuildPhase section */

/* Begin PBXGroup section */
		377BAC16FCFE37AEE3AAEAB0 /* Pods */ = {
			isa = PBXGroup;
			children = (
				039AC7016CC7DD2B26B19D43 /* Pods-Smack.debug.xcconfig */,
				732828756F5224CCE9F8391D /* Pods-Smack.release.xcconfig */,
			);
			name = Pods;
			sourceTree = "<group>";
		};
		8F39983C4C58DC6D9C290737 /* Frameworks */ = {
			isa = PBXGroup;
			children = (
				A521EF234E99507653F96551 /* Pods_Smack.framework */,
			);
			name = Frameworks;
			sourceTree = "<group>";
		};
		FC46178D1FD6F86B00D3534D = {
			isa = PBXGroup;
			children = (
				FC4617981FD6F86B00D3534D /* Smack */,
				FC4617971FD6F86B00D3534D /* Products */,
				377BAC16FCFE37AEE3AAEAB0 /* Pods */,
				8F39983C4C58DC6D9C290737 /* Frameworks */,
			);
			sourceTree = "<group>";
		};
		FC4617971FD6F86B00D3534D /* Products */ = {
			isa = PBXGroup;
			children = (
				FC4617961FD6F86B00D3534D /* Smack.app */,
			);
			name = Products;
			sourceTree = "<group>";
		};
		FC4617981FD6F86B00D3534D /* Smack */ = {
			isa = PBXGroup;
			children = (
				FC911BBC1FDA556D00D839B7 /* XIBs */,
				FC75EF3F1FD87AC4001900A8 /* Services */,
				FC4617BA1FD7841F00D3534D /* Utillities */,
				FC4617B31FD72E0A00D3534D /* Model */,
				FC4617B21FD72E0100D3534D /* View */,
				FC4617B11FD72DF200D3534D /* Controller */,
				FC4617AC1FD7040100D3534D /* Supporting Files */,
				FC4617991FD6F86B00D3534D /* AppDelegate.swift */,
				FC46179D1FD6F86B00D3534D /* Main.storyboard */,
				FC4617A01FD6F86B00D3534D /* Assets.xcassets */,
				FC4617A21FD6F86B00D3534D /* LaunchScreen.storyboard */,
				FC4617A51FD6F86B00D3534D /* Info.plist */,
			);
			path = Smack;
			sourceTree = "<group>";
		};
		FC4617AC1FD7040100D3534D /* Supporting Files */ = {
			isa = PBXGroup;
			children = (
				FC4617AF1FD7043100D3534D /* SWRevealViewController.h */,
				FC4617AE1FD7043100D3534D /* SWRevealViewController.m */,
				FC4617AD1FD7043000D3534D /* Smack-Bridging-Header.h */,
			);
			path = "Supporting Files";
			sourceTree = "<group>";
		};
		FC4617B11FD72DF200D3534D /* Controller */ = {
			isa = PBXGroup;
			children = (
				FC4617B41FD72E3700D3534D /* ChatVC.swift */,
				FC4617B61FD72E4B00D3534D /* ChannelVC.swift */,
				FC4617BD1FD78DA400D3534D /* LoginVC.swift */,
				FC4617BF1FD7910800D3534D /* CreateAccountVC.swift */,
				FC56DAAB1FDA113800C2C7DF /* AvatarPickerVC.swift */,
				FC911BB81FDA555E00D839B7 /* ProfileVC.swift */,
			);
			path = Controller;
			sourceTree = "<group>";
		};
		FC4617B21FD72E0100D3534D /* View */ = {
			isa = PBXGroup;
			children = (
				FC4617B81FD734F600D3534D /* GradientView.swift */,
				FC75EF421FD88AA0001900A8 /* RoundedButton.swift */,
				FC911BB01FDA148600D839B7 /* AvatarCell.swift */,
				FC911BB21FDA391200D839B7 /* CircleImage.swift */,
			);
			path = View;
			sourceTree = "<group>";
		};
		FC4617B31FD72E0A00D3534D /* Model */ = {
			isa = PBXGroup;
			children = (
			);
			path = Model;
			sourceTree = "<group>";
		};
		FC4617BA1FD7841F00D3534D /* Utillities */ = {
			isa = PBXGroup;
			children = (
				FC4617BB1FD7845900D3534D /* Constants.swift */,
			);
			path = Utillities;
			sourceTree = "<group>";
		};
		FC75EF3F1FD87AC4001900A8 /* Services */ = {
			isa = PBXGroup;
			children = (
				FC75EF401FD87AF9001900A8 /* AuthService.swift */,
				FC75EF441FD9A5AC001900A8 /* UserDataService.swift */,
			);
			path = Services;
			sourceTree = "<group>";
		};
		FC911BBC1FDA556D00D839B7 /* XIBs */ = {
			isa = PBXGroup;
			children = (
				FC911BB91FDA555E00D839B7 /* ProfileVC.xib */,
			);
			path = XIBs;
			sourceTree = "<group>";
		};
/* End PBXGroup section */

/* Begin PBXNativeTarget section */
		FC4617951FD6F86B00D3534D /* Smack */ = {
			isa = PBXNativeTarget;
			buildConfigurationList = FC4617A81FD6F86B00D3534D /* Build configuration list for PBXNativeTarget "Smack" */;
			buildPhases = (
				EC245C5CE023C57C422BF243 /* [CP] Check Pods Manifest.lock */,
				FC4617921FD6F86B00D3534D /* Sources */,
				FC4617931FD6F86B00D3534D /* Frameworks */,
				FC4617941FD6F86B00D3534D /* Resources */,
				17E3C73F3D3D3E4265749B42 /* [CP] Embed Pods Frameworks */,
				7402C27E45ED5123A9050989 /* [CP] Copy Pods Resources */,
			);
			buildRules = (
			);
			dependencies = (
			);
			name = Smack;
			productName = Smack;
			productReference = FC4617961FD6F86B00D3534D /* Smack.app */;
			productType = "com.apple.product-type.application";
		};
/* End PBXNativeTarget section */

/* Begin PBXProject section */
		FC46178E1FD6F86B00D3534D /* Project object */ = {
			isa = PBXProject;
			attributes = {
				LastSwiftUpdateCheck = 0910;
				LastUpgradeCheck = 0910;
				ORGANIZATIONNAME = Dylan;
				TargetAttributes = {
					FC4617951FD6F86B00D3534D = {
						CreatedOnToolsVersion = 9.1;
						LastSwiftMigration = 0910;
						ProvisioningStyle = Automatic;
					};
				};
			};
			buildConfigurationList = FC4617911FD6F86B00D3534D /* Build configuration list for PBXProject "Smack" */;
			compatibilityVersion = "Xcode 8.0";
			developmentRegion = en;
			hasScannedForEncodings = 0;
			knownRegions = (
				en,
				Base,
			);
			mainGroup = FC46178D1FD6F86B00D3534D;
			productRefGroup = FC4617971FD6F86B00D3534D /* Products */;
			projectDirPath = "";
			projectRoot = "";
			targets = (
				FC4617951FD6F86B00D3534D /* Smack */,
			);
		};
/* End PBXProject section */

/* Begin PBXResourcesBuildPhase section */
		FC4617941FD6F86B00D3534D /* Resources */ = {
			isa = PBXResourcesBuildPhase;
			buildActionMask = 2147483647;
			files = (
				FC911BBB1FDA555E00D839B7 /* ProfileVC.xib in Resources */,
				FC4617A41FD6F86B00D3534D /* LaunchScreen.storyboard in Resources */,
				FC4617A11FD6F86B00D3534D /* Assets.xcassets in Resources */,
				FC46179F1FD6F86B00D3534D /* Main.storyboard in Resources */,
			);
			runOnlyForDeploymentPostprocessing = 0;
		};
/* End PBXResourcesBuildPhase section */

/* Begin PBXShellScriptBuildPhase section */
		17E3C73F3D3D3E4265749B42 /* [CP] Embed Pods Frameworks */ = {
			isa = PBXShellScriptBuildPhase;
			buildActionMask = 2147483647;
			files = (
			);
			inputPaths = (
			);
			name = "[CP] Embed Pods Frameworks";
			outputPaths = (
			);
			runOnlyForDeploymentPostprocessing = 0;
			shellPath = /bin/sh;
			shellScript = "\"${SRCROOT}/Pods/Target Support Files/Pods-Smack/Pods-Smack-frameworks.sh\"\n";
			showEnvVarsInLog = 0;
		};
		7402C27E45ED5123A9050989 /* [CP] Copy Pods Resources */ = {
			isa = PBXShellScriptBuildPhase;
			buildActionMask = 2147483647;
			files = (
			);
			inputPaths = (
			);
			name = "[CP] Copy Pods Resources";
			outputPaths = (
			);
			runOnlyForDeploymentPostprocessing = 0;
			shellPath = /bin/sh;
			shellScript = "\"${SRCROOT}/Pods/Target Support Files/Pods-Smack/Pods-Smack-resources.sh\"\n";
			showEnvVarsInLog = 0;
		};
		EC245C5CE023C57C422BF243 /* [CP] Check Pods Manifest.lock */ = {
			isa = PBXShellScriptBuildPhase;
			buildActionMask = 2147483647;
			files = (
			);
			inputPaths = (
			);
			name = "[CP] Check Pods Manifest.lock";
			outputPaths = (
			);
			runOnlyForDeploymentPostprocessing = 0;
			shellPath = /bin/sh;
			shellScript = "diff \"${PODS_ROOT}/../Podfile.lock\" \"${PODS_ROOT}/Manifest.lock\" > /dev/null\nif [ $? != 0 ] ; then\n    # print error to STDERR\n    echo \"error: The sandbox is not in sync with the Podfile.lock. Run 'pod install' or update your CocoaPods installation.\" >&2\n    exit 1\nfi\n";
			showEnvVarsInLog = 0;
		};
/* End PBXShellScriptBuildPhase section */

/* Begin PBXSourcesBuildPhase section */
		FC4617921FD6F86B00D3534D /* Sources */ = {
			isa = PBXSourcesBuildPhase;
			buildActionMask = 2147483647;
			files = (
				FC911BBA1FDA555E00D839B7 /* ProfileVC.swift in Sources */,
				FC4617B71FD72E4B00D3534D /* ChannelVC.swift in Sources */,
				FC56DAAC1FDA113800C2C7DF /* AvatarPickerVC.swift in Sources */,
				FC75EF431FD88AA0001900A8 /* RoundedButton.swift in Sources */,
				FC911BB31FDA391200D839B7 /* CircleImage.swift in Sources */,
				FC4617B51FD72E3700D3534D /* ChatVC.swift in Sources */,
				FC75EF451FD9A5AC001900A8 /* UserDataService.swift in Sources */,
				FC4617C01FD7910800D3534D /* CreateAccountVC.swift in Sources */,
				FC75EF411FD87AF9001900A8 /* AuthService.swift in Sources */,
				FC4617BE1FD78DA400D3534D /* LoginVC.swift in Sources */,
				FC4617B91FD734F600D3534D /* GradientView.swift in Sources */,
				FC911BB11FDA148600D839B7 /* AvatarCell.swift in Sources */,
				FC46179A1FD6F86B00D3534D /* AppDelegate.swift in Sources */,
				FC4617B01FD7043100D3534D /* SWRevealViewController.m in Sources */,
				FC4617BC1FD7845900D3534D /* Constants.swift in Sources */,
			);
			runOnlyForDeploymentPostprocessing = 0;
		};
/* End PBXSourcesBuildPhase section */

/* Begin PBXVariantGroup section */
		FC46179D1FD6F86B00D3534D /* Main.storyboard */ = {
			isa = PBXVariantGroup;
			children = (
				FC46179E1FD6F86B00D3534D /* Base */,
			);
			name = Main.storyboard;
			sourceTree = "<group>";
		};
		FC4617A21FD6F86B00D3534D /* LaunchScreen.storyboard */ = {
			isa = PBXVariantGroup;
			children = (
				FC4617A31FD6F86B00D3534D /* Base */,
			);
			name = LaunchScreen.storyboard;
			sourceTree = "<group>";
		};
/* End PBXVariantGroup section */

/* Begin XCBuildConfiguration section */
		FC4617A61FD6F86B00D3534D /* Debug */ = {
			isa = XCBuildConfiguration;
			buildSettings = {
				ALWAYS_SEARCH_USER_PATHS = NO;
				CLANG_ANALYZER_NONNULL = YES;
				CLANG_ANALYZER_NUMBER_OBJECT_CONVERSION = YES_AGGRESSIVE;
				CLANG_CXX_LANGUAGE_STANDARD = "gnu++14";
				CLANG_CXX_LIBRARY = "libc++";
				CLANG_ENABLE_MODULES = YES;
				CLANG_ENABLE_OBJC_ARC = YES;
				CLANG_WARN_BLOCK_CAPTURE_AUTORELEASING = YES;
				CLANG_WARN_BOOL_CONVERSION = YES;
				CLANG_WARN_COMMA = YES;
				CLANG_WARN_CONSTANT_CONVERSION = YES;
				CLANG_WARN_DIRECT_OBJC_ISA_USAGE = YES_ERROR;
				CLANG_WARN_DOCUMENTATION_COMMENTS = YES;
				CLANG_WARN_EMPTY_BODY = YES;
				CLANG_WARN_ENUM_CONVERSION = YES;
				CLANG_WARN_INFINITE_RECURSION = YES;
				CLANG_WARN_INT_CONVERSION = YES;
				CLANG_WARN_NON_LITERAL_NULL_CONVERSION = YES;
				CLANG_WARN_OBJC_LITERAL_CONVERSION = YES;
				CLANG_WARN_OBJC_ROOT_CLASS = YES_ERROR;
				CLANG_WARN_RANGE_LOOP_ANALYSIS = YES;
				CLANG_WARN_STRICT_PROTOTYPES = YES;
				CLANG_WARN_SUSPICIOUS_MOVE = YES;
				CLANG_WARN_UNGUARDED_AVAILABILITY = YES_AGGRESSIVE;
				CLANG_WARN_UNREACHABLE_CODE = YES;
				CLANG_WARN__DUPLICATE_METHOD_MATCH = YES;
				CODE_SIGN_IDENTITY = "iPhone Developer";
				COPY_PHASE_STRIP = NO;
				DEBUG_INFORMATION_FORMAT = dwarf;
				ENABLE_STRICT_OBJC_MSGSEND = YES;
				ENABLE_TESTABILITY = YES;
				GCC_C_LANGUAGE_STANDARD = gnu11;
				GCC_DYNAMIC_NO_PIC = NO;
				GCC_NO_COMMON_BLOCKS = YES;
				GCC_OPTIMIZATION_LEVEL = 0;
				GCC_PREPROCESSOR_DEFINITIONS = (
					"DEBUG=1",
					"$(inherited)",
				);
				GCC_WARN_64_TO_32_BIT_CONVERSION = YES;
				GCC_WARN_ABOUT_RETURN_TYPE = YES_ERROR;
				GCC_WARN_UNDECLARED_SELECTOR = YES;
				GCC_WARN_UNINITIALIZED_AUTOS = YES_AGGRESSIVE;
				GCC_WARN_UNUSED_FUNCTION = YES;
				GCC_WARN_UNUSED_VARIABLE = YES;
				IPHONEOS_DEPLOYMENT_TARGET = 11.1;
				MTL_ENABLE_DEBUG_INFO = YES;
				ONLY_ACTIVE_ARCH = YES;
				SDKROOT = iphoneos;
				SWIFT_ACTIVE_COMPILATION_CONDITIONS = DEBUG;
				SWIFT_OPTIMIZATION_LEVEL = "-Onone";
			};
			name = Debug;
		};
		FC4617A71FD6F86B00D3534D /* Release */ = {
			isa = XCBuildConfiguration;
			buildSettings = {
				ALWAYS_SEARCH_USER_PATHS = NO;
				CLANG_ANALYZER_NONNULL = YES;
				CLANG_ANALYZER_NUMBER_OBJECT_CONVERSION = YES_AGGRESSIVE;
				CLANG_CXX_LANGUAGE_STANDARD = "gnu++14";
				CLANG_CXX_LIBRARY = "libc++";
				CLANG_ENABLE_MODULES = YES;
				CLANG_ENABLE_OBJC_ARC = YES;
				CLANG_WARN_BLOCK_CAPTURE_AUTORELEASING = YES;
				CLANG_WARN_BOOL_CONVERSION = YES;
				CLANG_WARN_COMMA = YES;
				CLANG_WARN_CONSTANT_CONVERSION = YES;
				CLANG_WARN_DIRECT_OBJC_ISA_USAGE = YES_ERROR;
				CLANG_WARN_DOCUMENTATION_COMMENTS = YES;
				CLANG_WARN_EMPTY_BODY = YES;
				CLANG_WARN_ENUM_CONVERSION = YES;
				CLANG_WARN_INFINITE_RECURSION = YES;
				CLANG_WARN_INT_CONVERSION = YES;
				CLANG_WARN_NON_LITERAL_NULL_CONVERSION = YES;
				CLANG_WARN_OBJC_LITERAL_CONVERSION = YES;
				CLANG_WARN_OBJC_ROOT_CLASS = YES_ERROR;
				CLANG_WARN_RANGE_LOOP_ANALYSIS = YES;
				CLANG_WARN_STRICT_PROTOTYPES = YES;
				CLANG_WARN_SUSPICIOUS_MOVE = YES;
				CLANG_WARN_UNGUARDED_AVAILABILITY = YES_AGGRESSIVE;
				CLANG_WARN_UNREACHABLE_CODE = YES;
				CLANG_WARN__DUPLICATE_METHOD_MATCH = YES;
				CODE_SIGN_IDENTITY = "iPhone Developer";
				COPY_PHASE_STRIP = NO;
				DEBUG_INFORMATION_FORMAT = "dwarf-with-dsym";
				ENABLE_NS_ASSERTIONS = NO;
				ENABLE_STRICT_OBJC_MSGSEND = YES;
				GCC_C_LANGUAGE_STANDARD = gnu11;
				GCC_NO_COMMON_BLOCKS = YES;
				GCC_WARN_64_TO_32_BIT_CONVERSION = YES;
				GCC_WARN_ABOUT_RETURN_TYPE = YES_ERROR;
				GCC_WARN_UNDECLARED_SELECTOR = YES;
				GCC_WARN_UNINITIALIZED_AUTOS = YES_AGGRESSIVE;
				GCC_WARN_UNUSED_FUNCTION = YES;
				GCC_WARN_UNUSED_VARIABLE = YES;
				IPHONEOS_DEPLOYMENT_TARGET = 11.1;
				MTL_ENABLE_DEBUG_INFO = NO;
				SDKROOT = iphoneos;
				SWIFT_OPTIMIZATION_LEVEL = "-Owholemodule";
				VALIDATE_PRODUCT = YES;
			};
			name = Release;
		};
		FC4617A91FD6F86B00D3534D /* Debug */ = {
			isa = XCBuildConfiguration;
			baseConfigurationReference = 039AC7016CC7DD2B26B19D43 /* Pods-Smack.debug.xcconfig */;
			buildSettings = {
				ASSETCATALOG_COMPILER_APPICON_NAME = AppIcon;
				CLANG_ENABLE_MODULES = YES;
				CODE_SIGN_STYLE = Automatic;
				DEVELOPMENT_TEAM = U9CJ5T6N79;
				INFOPLIST_FILE = Smack/Info.plist;
				LD_RUNPATH_SEARCH_PATHS = "$(inherited) @executable_path/Frameworks";
				PRODUCT_BUNDLE_IDENTIFIER = com.dylan.Smack;
				PRODUCT_NAME = "$(TARGET_NAME)";
				SWIFT_OBJC_BRIDGING_HEADER = "Smack/Supporting Files/Smack-Bridging-Header.h";
				SWIFT_OPTIMIZATION_LEVEL = "-Onone";
				SWIFT_VERSION = 4.0;
				TARGETED_DEVICE_FAMILY = "1,2";
			};
			name = Debug;
		};
		FC4617AA1FD6F86B00D3534D /* Release */ = {
			isa = XCBuildConfiguration;
			baseConfigurationReference = 732828756F5224CCE9F8391D /* Pods-Smack.release.xcconfig */;
			buildSettings = {
				ASSETCATALOG_COMPILER_APPICON_NAME = AppIcon;
				CLANG_ENABLE_MODULES = YES;
				CODE_SIGN_STYLE = Automatic;
				DEVELOPMENT_TEAM = U9CJ5T6N79;
				INFOPLIST_FILE = Smack/Info.plist;
				LD_RUNPATH_SEARCH_PATHS = "$(inherited) @executable_path/Frameworks";
				PRODUCT_BUNDLE_IDENTIFIER = com.dylan.Smack;
				PRODUCT_NAME = "$(TARGET_NAME)";
				SWIFT_OBJC_BRIDGING_HEADER = "Smack/Supporting Files/Smack-Bridging-Header.h";
				SWIFT_VERSION = 4.0;
				TARGETED_DEVICE_FAMILY = "1,2";
			};
			name = Release;
		};
/* End XCBuildConfiguration section */

/* Begin XCConfigurationList section */
		FC4617911FD6F86B00D3534D /* Build configuration list for PBXProject "Smack" */ = {
			isa = XCConfigurationList;
			buildConfigurations = (
				FC4617A61FD6F86B00D3534D /* Debug */,
				FC4617A71FD6F86B00D3534D /* Release */,
			);
			defaultConfigurationIsVisible = 0;
			defaultConfigurationName = Release;
		};
		FC4617A81FD6F86B00D3534D /* Build configuration list for PBXNativeTarget "Smack" */ = {
			isa = XCConfigurationList;
			buildConfigurations = (
				FC4617A91FD6F86B00D3534D /* Debug */,
				FC4617AA1FD6F86B00D3534D /* Release */,
			);
			defaultConfigurationIsVisible = 0;
			defaultConfigurationName = Release;
		};
/* End XCConfigurationList section */
	};
	rootObject = FC46178E1FD6F86B00D3534D /* Project object */;
}
